
Microsoft Visual Studio Solution File, Format Version 12.00
# Visual Studio Version 17
VisualStudioVersion = 17.3.32901.215
MinimumVisualStudioVersion = 10.0.40219.1
Project("{FAE04EC0-301F-11D3-BF4B-00C04F79EFBC}") = "programmeer_test", "programmeer_test\programmeer_test.csproj", "{11FB0859-8A9A-4CAC-B082-E2AF188E2E4D}"
EndProject
Global
	GlobalSection(SolutionConfigurationPlatforms) = preSolution
		Debug|Any CPU = Debug|Any CPU
		Release|Any CPU = Release|Any CPU
	EndGlobalSection
	GlobalSection(ProjectConfigurationPlatforms) = postSolution
		{11FB0859-8A9A-4CAC-B082-E2AF188E2E4D}.Debug|Any CPU.ActiveCfg = Debug|Any CPU
		{11FB0859-8A9A-4CAC-B082-E2AF188E2E4D}.Debug|Any CPU.Build.0 = Debug|Any CPU
		{11FB0859-8A9A-4CAC-B082-E2AF188E2E4D}.Release|Any CPU.ActiveCfg = Release|Any CPU
		{11FB0859-8A9A-4CAC-B082-E2AF188E2E4D}.Release|Any CPU.Build.0 = Release|Any CPU
	EndGlobalSection
	GlobalSection(SolutionProperties) = preSolution
		HideSolutionNode = FALSE
	EndGlobalSection
	GlobalSection(ExtensibilityGlobals) = postSolution
		SolutionGuid = {3C7C3F19-F368-469A-86DC-DF5AE3ABE066}
	EndGlobalSection
EndGlobal
